
Microsoft Visual Studio Solution File, Format Version 12.00
# Visual Studio 15
VisualStudioVersion = 15.0.26730.10
MinimumVisualStudioVersion = 10.0.40219.1
Project("{FAE04EC0-301F-11D3-BF4B-00C04F79EFBC}") = "ContosoUniversity", "ContosoUniversity\ContosoUniversity.csproj", "{804B4E30-6BD5-4DED-AC90-8D23241436D4}"
EndProject
Global
	GlobalSection(SolutionConfigurationPlatforms) = preSolution
		Debug|Any CPU = Debug|Any CPU
		Release|Any CPU = Release|Any CPU
	EndGlobalSection
	GlobalSection(ProjectConfigurationPlatforms) = postSolution
		{804B4E30-6BD5-4DED-AC90-8D23241436D4}.Debug|Any CPU.ActiveCfg = Debug|Any CPU
		{804B4E30-6BD5-4DED-AC90-8D23241436D4}.Debug|Any CPU.Build.0 = Debug|Any CPU
		{804B4E30-6BD5-4DED-AC90-8D23241436D4}.Release|Any CPU.ActiveCfg = Release|Any CPU
		{804B4E30-6BD5-4DED-AC90-8D23241436D4}.Release|Any CPU.Build.0 = Release|Any CPU
	EndGlobalSection
	GlobalSection(SolutionProperties) = preSolution
		HideSolutionNode = FALSE
	EndGlobalSection
	GlobalSection(ExtensibilityGlobals) = postSolution
		SolutionGuid = {0FD50BD6-762D-463D-BE47-CF52A77F40B1}
	EndGlobalSection
EndGlobal
